
Microsoft Visual Studio Solution File, Format Version 12.00
# Visual Studio Version 17
VisualStudioVersion = 17.12.35527.113
MinimumVisualStudioVersion = 10.0.40219.1
Project("{FAE04EC0-301F-11D3-BF4B-00C04F79EFBC}") = "zurafMTR.FormUI", "zurafMTR.FormUI\zurafMTR.FormUI.csproj", "{C1CD334E-3531-4617-B2D8-EA96C5A9E5B9}"
EndProject
Project("{FAE04EC0-301F-11D3-BF4B-00C04F79EFBC}") = "Persistance", "Persistance\Persistance.csproj", "{01D23979-497E-40FC-A275-2E1C7E7D1DEF}"
EndProject
Project("{FAE04EC0-301F-11D3-BF4B-00C04F79EFBC}") = "Domain", "Domain\Domain.csproj", "{7084628C-7E51-42BC-AABD-D8F8B48F7349}"
EndProject
Project("{FAE04EC0-301F-11D3-BF4B-00C04F79EFBC}") = "Application", "Application\Application.csproj", "{BABC45A2-3CD6-4364-BA32-014C9D6A9261}"
EndProject
Project("{FAE04EC0-301F-11D3-BF4B-00C04F79EFBC}") = "Core", "Core\Core.csproj", "{45B4E754-D17C-49D7-B076-1D5944B8FF2A}"
EndProject
Global
	GlobalSection(SolutionConfigurationPlatforms) = preSolution
		Debug|Any CPU = Debug|Any CPU
		Release|Any CPU = Release|Any CPU
	EndGlobalSection
	GlobalSection(ProjectConfigurationPlatforms) = postSolution
		{C1CD334E-3531-4617-B2D8-EA96C5A9E5B9}.Debug|Any CPU.ActiveCfg = Debug|Any CPU
		{C1CD334E-3531-4617-B2D8-EA96C5A9E5B9}.Debug|Any CPU.Build.0 = Debug|Any CPU
		{C1CD334E-3531-4617-B2D8-EA96C5A9E5B9}.Release|Any CPU.ActiveCfg = Release|Any CPU
		{C1CD334E-3531-4617-B2D8-EA96C5A9E5B9}.Release|Any CPU.Build.0 = Release|Any CPU
		{01D23979-497E-40FC-A275-2E1C7E7D1DEF}.Debug|Any CPU.ActiveCfg = Debug|Any CPU
		{01D23979-497E-40FC-A275-2E1C7E7D1DEF}.Debug|Any CPU.Build.0 = Debug|Any CPU
		{01D23979-497E-40FC-A275-2E1C7E7D1DEF}.Release|Any CPU.ActiveCfg = Release|Any CPU
		{01D23979-497E-40FC-A275-2E1C7E7D1DEF}.Release|Any CPU.Build.0 = Release|Any CPU
		{7084628C-7E51-42BC-AABD-D8F8B48F7349}.Debug|Any CPU.ActiveCfg = Debug|Any CPU
		{7084628C-7E51-42BC-AABD-D8F8B48F7349}.Debug|Any CPU.Build.0 = Debug|Any CPU
		{7084628C-7E51-42BC-AABD-D8F8B48F7349}.Release|Any CPU.ActiveCfg = Release|Any CPU
		{7084628C-7E51-42BC-AABD-D8F8B48F7349}.Release|Any CPU.Build.0 = Release|Any CPU
		{BABC45A2-3CD6-4364-BA32-014C9D6A9261}.Debug|Any CPU.ActiveCfg = Debug|Any CPU
		{BABC45A2-3CD6-4364-BA32-014C9D6A9261}.Debug|Any CPU.Build.0 = Debug|Any CPU
		{BABC45A2-3CD6-4364-BA32-014C9D6A9261}.Release|Any CPU.ActiveCfg = Release|Any CPU
		{BABC45A2-3CD6-4364-BA32-014C9D6A9261}.Release|Any CPU.Build.0 = Release|Any CPU
		{45B4E754-D17C-49D7-B076-1D5944B8FF2A}.Debug|Any CPU.ActiveCfg = Debug|Any CPU
		{45B4E754-D17C-49D7-B076-1D5944B8FF2A}.Debug|Any CPU.Build.0 = Debug|Any CPU
		{45B4E754-D17C-49D7-B076-1D5944B8FF2A}.Release|Any CPU.ActiveCfg = Release|Any CPU
		{45B4E754-D17C-49D7-B076-1D5944B8FF2A}.Release|Any CPU.Build.0 = Release|Any CPU
	EndGlobalSection
	GlobalSection(SolutionProperties) = preSolution
		HideSolutionNode = FALSE
	EndGlobalSection
EndGlobal
